
Microsoft Visual Studio Solution File, Format Version 12.00
# Visual Studio Version 17
VisualStudioVersion = 17.14.36221.1 d17.14
MinimumVisualStudioVersion = 10.0.40219.1
Project("{FAE04EC0-301F-11D3-BF4B-00C04F79EFBC}") = "appInventory", "appInventory\appInventory.csproj", "{E399D210-7D88-4993-AB07-FC3F6B6BAC3E}"
EndProject
Global
	GlobalSection(SolutionConfigurationPlatforms) = preSolution
		Debug|Any CPU = Debug|Any CPU
		Release|Any CPU = Release|Any CPU
	EndGlobalSection
	GlobalSection(ProjectConfigurationPlatforms) = postSolution
		{E399D210-7D88-4993-AB07-FC3F6B6BAC3E}.Debug|Any CPU.ActiveCfg = Debug|Any CPU
		{E399D210-7D88-4993-AB07-FC3F6B6BAC3E}.Debug|Any CPU.Build.0 = Debug|Any CPU
		{E399D210-7D88-4993-AB07-FC3F6B6BAC3E}.Release|Any CPU.ActiveCfg = Release|Any CPU
		{E399D210-7D88-4993-AB07-FC3F6B6BAC3E}.Release|Any CPU.Build.0 = Release|Any CPU
	EndGlobalSection
	GlobalSection(SolutionProperties) = preSolution
		HideSolutionNode = FALSE
	EndGlobalSection
	GlobalSection(ExtensibilityGlobals) = postSolution
		SolutionGuid = {417BBAAF-78D8-409F-8430-AC53C1968993}
	EndGlobalSection
EndGlobal
